
Microsoft Visual Studio Solution File, Format Version 12.00
# Visual Studio 15
VisualStudioVersion = 15.0.26430.14
MinimumVisualStudioVersion = 10.0.40219.1
Project("{FAE04EC0-301F-11D3-BF4B-00C04F79EFBC}") = "TC.CustomTemplating.Example", "TC.CustomTemplating.Example\TC.CustomTemplating.Example.csproj", "{AA2C7825-5400-41B5-B448-2D90A01FBB36}"
EndProject
Project("{FAE04EC0-301F-11D3-BF4B-00C04F79EFBC}") = "TC.CustomTemplating", "TC.CustomTemplating\TC.CustomTemplating.csproj", "{54EB2579-A0DE-426C-9C8D-740E3A9B3530}"
EndProject
Project("{FAE04EC0-301F-11D3-BF4B-00C04F79EFBC}") = "TC.CustomTemplating.Example.Domain", "TC.CustomTemplating.Example.Domain\TC.CustomTemplating.Example.Domain.csproj", "{3E66093F-DF41-4D6D-A794-38B722EA4655}"
EndProject
Project("{FAE04EC0-301F-11D3-BF4B-00C04F79EFBC}") = "TC.CustomTemplating.UnitTests", "TC.CustomTemplating.UnitTests\TC.CustomTemplating.UnitTests.csproj", "{435498DC-DE98-4ECC-9360-F4B8247272B3}"
EndProject
Project("{FAE04EC0-301F-11D3-BF4B-00C04F79EFBC}") = "TC.CustomTemplating.IntegrationTests", "TC.CustomTemplating.IntegrationTests\TC.CustomTemplating.IntegrationTests.csproj", "{BAE0D7CC-AA61-44BC-9430-1DE932BF6BE1}"
EndProject
Project("{FAE04EC0-301F-11D3-BF4B-00C04F79EFBC}") = "TC.CustomTemplating.Example.Web", "TC.CustomTemplating.Example.Web\TC.CustomTemplating.Example.Web.csproj", "{94A45001-EBF5-42F9-B694-29CEB58D6472}"
EndProject
Project("{FAE04EC0-301F-11D3-BF4B-00C04F79EFBC}") = "TC.CustomTemplating.Example.Wpf", "TC.CustomTemplating.Example.Wpf\TC.CustomTemplating.Example.Wpf.csproj", "{3246F463-9329-4F91-AFBF-A22C6E8A0CAF}"
EndProject
Global
	GlobalSection(SolutionConfigurationPlatforms) = preSolution
		Debug|Any CPU = Debug|Any CPU
		Debug-Test|Any CPU = Debug-Test|Any CPU
		Release|Any CPU = Release|Any CPU
	EndGlobalSection
	GlobalSection(ProjectConfigurationPlatforms) = postSolution
		{AA2C7825-5400-41B5-B448-2D90A01FBB36}.Debug|Any CPU.ActiveCfg = Debug|Any CPU
		{AA2C7825-5400-41B5-B448-2D90A01FBB36}.Debug|Any CPU.Build.0 = Debug|Any CPU
		{AA2C7825-5400-41B5-B448-2D90A01FBB36}.Debug-Test|Any CPU.ActiveCfg = Debug|Any CPU
		{AA2C7825-5400-41B5-B448-2D90A01FBB36}.Debug-Test|Any CPU.Build.0 = Debug|Any CPU
		{AA2C7825-5400-41B5-B448-2D90A01FBB36}.Release|Any CPU.ActiveCfg = Release|Any CPU
		{AA2C7825-5400-41B5-B448-2D90A01FBB36}.Release|Any CPU.Build.0 = Release|Any CPU
		{54EB2579-A0DE-426C-9C8D-740E3A9B3530}.Debug|Any CPU.ActiveCfg = Debug|Any CPU
		{54EB2579-A0DE-426C-9C8D-740E3A9B3530}.Debug|Any CPU.Build.0 = Debug|Any CPU
		{54EB2579-A0DE-426C-9C8D-740E3A9B3530}.Debug-Test|Any CPU.ActiveCfg = Debug|Any CPU
		{54EB2579-A0DE-426C-9C8D-740E3A9B3530}.Debug-Test|Any CPU.Build.0 = Debug|Any CPU
		{54EB2579-A0DE-426C-9C8D-740E3A9B3530}.Release|Any CPU.ActiveCfg = Release|Any CPU
		{54EB2579-A0DE-426C-9C8D-740E3A9B3530}.Release|Any CPU.Build.0 = Release|Any CPU
		{3E66093F-DF41-4D6D-A794-38B722EA4655}.Debug|Any CPU.ActiveCfg = Debug|Any CPU
		{3E66093F-DF41-4D6D-A794-38B722EA4655}.Debug|Any CPU.Build.0 = Debug|Any CPU
		{3E66093F-DF41-4D6D-A794-38B722EA4655}.Debug-Test|Any CPU.ActiveCfg = Debug|Any CPU
		{3E66093F-DF41-4D6D-A794-38B722EA4655}.Debug-Test|Any CPU.Build.0 = Debug|Any CPU
		{3E66093F-DF41-4D6D-A794-38B722EA4655}.Release|Any CPU.ActiveCfg = Release|Any CPU
		{3E66093F-DF41-4D6D-A794-38B722EA4655}.Release|Any CPU.Build.0 = Release|Any CPU
		{435498DC-DE98-4ECC-9360-F4B8247272B3}.Debug|Any CPU.ActiveCfg = Debug|Any CPU
		{435498DC-DE98-4ECC-9360-F4B8247272B3}.Debug|Any CPU.Build.0 = Debug|Any CPU
		{435498DC-DE98-4ECC-9360-F4B8247272B3}.Debug-Test|Any CPU.ActiveCfg = Debug|Any CPU
		{435498DC-DE98-4ECC-9360-F4B8247272B3}.Debug-Test|Any CPU.Build.0 = Debug|Any CPU
		{435498DC-DE98-4ECC-9360-F4B8247272B3}.Release|Any CPU.ActiveCfg = Release|Any CPU
		{435498DC-DE98-4ECC-9360-F4B8247272B3}.Release|Any CPU.Build.0 = Release|Any CPU
		{BAE0D7CC-AA61-44BC-9430-1DE932BF6BE1}.Debug|Any CPU.ActiveCfg = Debug|Any CPU
		{BAE0D7CC-AA61-44BC-9430-1DE932BF6BE1}.Debug|Any CPU.Build.0 = Debug|Any CPU
		{BAE0D7CC-AA61-44BC-9430-1DE932BF6BE1}.Debug-Test|Any CPU.ActiveCfg = Debug|Any CPU
		{BAE0D7CC-AA61-44BC-9430-1DE932BF6BE1}.Debug-Test|Any CPU.Build.0 = Debug|Any CPU
		{BAE0D7CC-AA61-44BC-9430-1DE932BF6BE1}.Release|Any CPU.ActiveCfg = Release|Any CPU
		{BAE0D7CC-AA61-44BC-9430-1DE932BF6BE1}.Release|Any CPU.Build.0 = Release|Any CPU
		{94A45001-EBF5-42F9-B694-29CEB58D6472}.Debug|Any CPU.ActiveCfg = Debug|Any CPU
		{94A45001-EBF5-42F9-B694-29CEB58D6472}.Debug|Any CPU.Build.0 = Debug|Any CPU
		{94A45001-EBF5-42F9-B694-29CEB58D6472}.Debug-Test|Any CPU.ActiveCfg = Debug|Any CPU
		{94A45001-EBF5-42F9-B694-29CEB58D6472}.Debug-Test|Any CPU.Build.0 = Debug|Any CPU
		{94A45001-EBF5-42F9-B694-29CEB58D6472}.Release|Any CPU.ActiveCfg = Release|Any CPU
		{94A45001-EBF5-42F9-B694-29CEB58D6472}.Release|Any CPU.Build.0 = Release|Any CPU
		{3246F463-9329-4F91-AFBF-A22C6E8A0CAF}.Debug|Any CPU.ActiveCfg = Debug|Any CPU
		{3246F463-9329-4F91-AFBF-A22C6E8A0CAF}.Debug|Any CPU.Build.0 = Debug|Any CPU
		{3246F463-9329-4F91-AFBF-A22C6E8A0CAF}.Debug-Test|Any CPU.ActiveCfg = Debug|Any CPU
		{3246F463-9329-4F91-AFBF-A22C6E8A0CAF}.Debug-Test|Any CPU.Build.0 = Debug|Any CPU
		{3246F463-9329-4F91-AFBF-A22C6E8A0CAF}.Release|Any CPU.ActiveCfg = Release|Any CPU
		{3246F463-9329-4F91-AFBF-A22C6E8A0CAF}.Release|Any CPU.Build.0 = Release|Any CPU
	EndGlobalSection
	GlobalSection(SolutionProperties) = preSolution
		HideSolutionNode = FALSE
	EndGlobalSection
	GlobalSection(TestCaseManagementSettings) = postSolution
		CategoryFile = TC.CustomTemplating.vsmdi
	EndGlobalSection
EndGlobal
